// !$*UTF8*$!
{
	archiveVersion = 1;
	classes = {
	};
	objectVersion = 56;
	objects = {

/* Begin PBXBuildFile section */
		6893E9E22A00FD6300FC4697 /* giphyAppApp.swift in Sources */ = {isa = PBXBuildFile; fileRef = 6893E9E12A00FD6300FC4697 /* giphyAppApp.swift */; };
		6893E9E42A00FD6300FC4697 /* ContentView.swift in Sources */ = {isa = PBXBuildFile; fileRef = 6893E9E32A00FD6300FC4697 /* ContentView.swift */; };
		6893E9E62A00FD6400FC4697 /* Assets.xcassets in Resources */ = {isa = PBXBuildFile; fileRef = 6893E9E52A00FD6400FC4697 /* Assets.xcassets */; };
		6893E9E92A00FD6400FC4697 /* Preview Assets.xcassets in Resources */ = {isa = PBXBuildFile; fileRef = 6893E9E82A00FD6400FC4697 /* Preview Assets.xcassets */; };
		6893E9F32A00FD6400FC4697 /* giphyAppTests.swift in Sources */ = {isa = PBXBuildFile; fileRef = 6893E9F22A00FD6400FC4697 /* giphyAppTests.swift */; };
		6893E9FD2A00FD6400FC4697 /* giphyAppUITests.swift in Sources */ = {isa = PBXBuildFile; fileRef = 6893E9FC2A00FD6400FC4697 /* giphyAppUITests.swift */; };
		6893E9FF2A00FD6400FC4697 /* giphyAppUITestsLaunchTests.swift in Sources */ = {isa = PBXBuildFile; fileRef = 6893E9FE2A00FD6400FC4697 /* giphyAppUITestsLaunchTests.swift */; };
		68BB96BF2A0113990065D00D /* Alamofire in Frameworks */ = {isa = PBXBuildFile; productRef = 68BB96BE2A0113990065D00D /* Alamofire */; };
/* End PBXBuildFile section */

/* Begin PBXContainerItemProxy section */
		6893E9EF2A00FD6400FC4697 /* PBXContainerItemProxy */ = {
			isa = PBXContainerItemProxy;
			containerPortal = 6893E9D62A00FD6300FC4697 /* Project object */;
			proxyType = 1;
			remoteGlobalIDString = 6893E9DD2A00FD6300FC4697;
			remoteInfo = giphyApp;
		};
		6893E9F92A00FD6400FC4697 /* PBXContainerItemProxy */ = {
			isa = PBXContainerItemProxy;
			containerPortal = 6893E9D62A00FD6300FC4697 /* Project object */;
			proxyType = 1;
			remoteGlobalIDString = 6893E9DD2A00FD6300FC4697;
			remoteInfo = giphyApp;
		};
/* End PBXContainerItemProxy section */

/* Begin PBXFileReference section */
		6893E9DE2A00FD6300FC4697 /* giphyApp.app */ = {isa = PBXFileReference; explicitFileType = wrapper.application; includeInIndex = 0; path = giphyApp.app; sourceTree = BUILT_PRODUCTS_DIR; };
		6893E9E12A00FD6300FC4697 /* giphyAppApp.swift */ = {isa = PBXFileReference; lastKnownFileType = sourcecode.swift; path = giphyAppApp.swift; sourceTree = "<group>"; };
		6893E9E32A00FD6300FC4697 /* ContentView.swift */ = {isa = PBXFileReference; lastKnownFileType = sourcecode.swift; path = ContentView.swift; sourceTree = "<group>"; };
		6893E9E52A00FD6400FC4697 /* Assets.xcassets */ = {isa = PBXFileReference; lastKnownFileType = folder.assetcatalog; path = Assets.xcassets; sourceTree = "<group>"; };
		6893E9E82A00FD6400FC4697 /* Preview Assets.xcassets */ = {isa = PBXFileReference; lastKnownFileType = folder.assetcatalog; path = "Preview Assets.xcassets"; sourceTree = "<group>"; };
		6893E9EE2A00FD6400FC4697 /* giphyAppTests.xctest */ = {isa = PBXFileReference; explicitFileType = wrapper.cfbundle; includeInIndex = 0; path = giphyAppTests.xctest; sourceTree = BUILT_PRODUCTS_DIR; };
		6893E9F22A00FD6400FC4697 /* giphyAppTests.swift */ = {isa = PBXFileReference; lastKnownFileType = sourcecode.swift; path = giphyAppTests.swift; sourceTree = "<group>"; };
		6893E9F82A00FD6400FC4697 /* giphyAppUITests.xctest */ = {isa = PBXFileReference; explicitFileType = wrapper.cfbundle; includeInIndex = 0; path = giphyAppUITests.xctest; sourceTree = BUILT_PRODUCTS_DIR; };
		6893E9FC2A00FD6400FC4697 /* giphyAppUITests.swift */ = {isa = PBXFileReference; lastKnownFileType = sourcecode.swift; path = giphyAppUITests.swift; sourceTree = "<group>"; };
		6893E9FE2A00FD6400FC4697 /* giphyAppUITestsLaunchTests.swift */ = {isa = PBXFileReference; lastKnownFileType = sourcecode.swift; path = giphyAppUITestsLaunchTests.swift; sourceTree = "<group>"; };
/* End PBXFileReference section */

/* Begin PBXFrameworksBuildPhase section */
		6893E9DB2A00FD6300FC4697 /* Frameworks */ = {
			isa = PBXFrameworksBuildPhase;
			buildActionMask = 2147483647;
			files = (
				68BB96BF2A0113990065D00D /* Alamofire in Frameworks */,
			);
			runOnlyForDeploymentPostprocessing = 0;
		};
		6893E9EB2A00FD6400FC4697 /* Frameworks */ = {
			isa = PBXFrameworksBuildPhase;
			buildActionMask = 2147483647;
			files = (
			);
			runOnlyForDeploymentPostprocessing = 0;
		};
		6893E9F52A00FD6400FC4697 /* Frameworks */ = {
			isa = PBXFrameworksBuildPhase;
			buildActionMask = 2147483647;
			files = (
			);
			runOnlyForDeploymentPostprocessing = 0;
		};
/* End PBXFrameworksBuildPhase section */

/* Begin PBXGroup section */
		6893E9D52A00FD6300FC4697 = {
			isa = PBXGroup;
			children = (
				6893E9E02A00FD6300FC4697 /* giphyApp */,
				6893E9F12A00FD6400FC4697 /* giphyAppTests */,
				6893E9FB2A00FD6400FC4697 /* giphyAppUITests */,
				6893E9DF2A00FD6300FC4697 /* Products */,
			);
			sourceTree = "<group>";
		};
		6893E9DF2A00FD6300FC4697 /* Products */ = {
			isa = PBXGroup;
			children = (
				6893E9DE2A00FD6300FC4697 /* giphyApp.app */,
				6893E9EE2A00FD6400FC4697 /* giphyAppTests.xctest */,
				6893E9F82A00FD6400FC4697 /* giphyAppUITests.xctest */,
			);
			name = Products;
			sourceTree = "<group>";
		};
		6893E9E02A00FD6300FC4697 /* giphyApp */ = {
			isa = PBXGroup;
			children = (
				6893E9E12A00FD6300FC4697 /* giphyAppApp.swift */,
				6893E9E32A00FD6300FC4697 /* ContentView.swift */,
				6893E9E52A00FD6400FC4697 /* Assets.xcassets */,
				6893E9E72A00FD6400FC4697 /* Preview Content */,
			);
			path = giphyApp;
			sourceTree = "<group>";
		};
		6893E9E72A00FD6400FC4697 /* Preview Content */ = {
			isa = PBXGroup;
			children = (
				6893E9E82A00FD6400FC4697 /* Preview Assets.xcassets */,
			);
			path = "Preview Content";
			sourceTree = "<group>";
		};
		6893E9F12A00FD6400FC4697 /* giphyAppTests */ = {
			isa = PBXGroup;
			children = (
				6893E9F22A00FD6400FC4697 /* giphyAppTests.swift */,
			);
			path = giphyAppTests;
			sourceTree = "<group>";
		};
		6893E9FB2A00FD6400FC4697 /* giphyAppUITests */ = {
			isa = PBXGroup;
			children = (
				6893E9FC2A00FD6400FC4697 /* giphyAppUITests.swift */,
				6893E9FE2A00FD6400FC4697 /* giphyAppUITestsLaunchTests.swift */,
			);
			path = giphyAppUITests;
			sourceTree = "<group>";
		};
/* End PBXGroup section */

/* Begin PBXNativeTarget section */
		6893E9DD2A00FD6300FC4697 /* giphyApp */ = {
			isa = PBXNativeTarget;
			buildConfigurationList = 6893EA022A00FD6400FC4697 /* Build configuration list for PBXNativeTarget "giphyApp" */;
			buildPhases = (
				6893E9DA2A00FD6300FC4697 /* Sources */,
				6893E9DB2A00FD6300FC4697 /* Frameworks */,
				6893E9DC2A00FD6300FC4697 /* Resources */,
			);
			buildRules = (
			);
			dependencies = (
			);
			name = giphyApp;
			packageProductDependencies = (
				68BB96BE2A0113990065D00D /* Alamofire */,
			);
			productName = giphyApp;
			productReference = 6893E9DE2A00FD6300FC4697 /* giphyApp.app */;
			productType = "com.apple.product-type.application";
		};
		6893E9ED2A00FD6400FC4697 /* giphyAppTests */ = {
			isa = PBXNativeTarget;
			buildConfigurationList = 6893EA052A00FD6400FC4697 /* Build configuration list for PBXNativeTarget "giphyAppTests" */;
			buildPhases = (
				6893E9EA2A00FD6400FC4697 /* Sources */,
				6893E9EB2A00FD6400FC4697 /* Frameworks */,
				6893E9EC2A00FD6400FC4697 /* Resources */,
			);
			buildRules = (
			);
			dependencies = (
				6893E9F02A00FD6400FC4697 /* PBXTargetDependency */,
			);
			name = giphyAppTests;
			productName = giphyAppTests;
			productReference = 6893E9EE2A00FD6400FC4697 /* giphyAppTests.xctest */;
			productType = "com.apple.product-type.bundle.unit-test";
		};
		6893E9F72A00FD6400FC4697 /* giphyAppUITests */ = {
			isa = PBXNativeTarget;
			buildConfigurationList = 6893EA082A00FD6400FC4697 /* Build configuration list for PBXNativeTarget "giphyAppUITests" */;
			buildPhases = (
				6893E9F42A00FD6400FC4697 /* Sources */,
				6893E9F52A00FD6400FC4697 /* Frameworks */,
				6893E9F62A00FD6400FC4697 /* Resources */,
			);
			buildRules = (
			);
			dependencies = (
				6893E9FA2A00FD6400FC4697 /* PBXTargetDependency */,
			);
			name = giphyAppUITests;
			productName = giphyAppUITests;
			productReference = 6893E9F82A00FD6400FC4697 /* giphyAppUITests.xctest */;
			productType = "com.apple.product-type.bundle.ui-testing";
		};
/* End PBXNativeTarget section */

/* Begin PBXProject section */
		6893E9D62A00FD6300FC4697 /* Project object */ = {
			isa = PBXProject;
			attributes = {
				BuildIndependentTargetsInParallel = 1;
				LastSwiftUpdateCheck = 1410;
				LastUpgradeCheck = 1410;
				TargetAttributes = {
					6893E9DD2A00FD6300FC4697 = {
						CreatedOnToolsVersion = 14.1;
					};
					6893E9ED2A00FD6400FC4697 = {
						CreatedOnToolsVersion = 14.1;
						TestTargetID = 6893E9DD2A00FD6300FC4697;
					};
					6893E9F72A00FD6400FC4697 = {
						CreatedOnToolsVersion = 14.1;
						TestTargetID = 6893E9DD2A00FD6300FC4697;
					};
				};
			};
			buildConfigurationList = 6893E9D92A00FD6300FC4697 /* Build configuration list for PBXProject "giphyApp" */;
			compatibilityVersion = "Xcode 14.0";
			developmentRegion = en;
			hasScannedForEncodings = 0;
			knownRegions = (
				en,
				Base,
			);
			mainGroup = 6893E9D52A00FD6300FC4697;
			packageReferences = (
				68BB96BD2A0113990065D00D /* XCRemoteSwiftPackageReference "Alamofire" */,
			);
			productRefGroup = 6893E9DF2A00FD6300FC4697 /* Products */;
			projectDirPath = "";
			projectRoot = "";
			targets = (
				6893E9DD2A00FD6300FC4697 /* giphyApp */,
				6893E9ED2A00FD6400FC4697 /* giphyAppTests */,
				6893E9F72A00FD6400FC4697 /* giphyAppUITests */,
			);
		};
/* End PBXProject section */

/* Begin PBXResourcesBuildPhase section */
		6893E9DC2A00FD6300FC4697 /* Resources */ = {
			isa = PBXResourcesBuildPhase;
			buildActionMask = 2147483647;
			files = (
				6893E9E92A00FD6400FC4697 /* Preview Assets.xcassets in Resources */,
				6893E9E62A00FD6400FC4697 /* Assets.xcassets in Resources */,
			);
			runOnlyForDeploymentPostprocessing = 0;
		};
		6893E9EC2A00FD6400FC4697 /* Resources */ = {
			isa = PBXResourcesBuildPhase;
			buildActionMask = 2147483647;
			files = (
			);
			runOnlyForDeploymentPostprocessing = 0;
		};
		6893E9F62A00FD6400FC4697 /* Resources */ = {
			isa = PBXResourcesBuildPhase;
			buildActionMask = 2147483647;
			files = (
			);
			runOnlyForDeploymentPostprocessing = 0;
		};
/* End PBXResourcesBuildPhase section */

/* Begin PBXSourcesBuildPhase section */
		6893E9DA2A00FD6300FC4697 /* Sources */ = {
			isa = PBXSourcesBuildPhase;
			buildActionMask = 2147483647;
			files = (
				6893E9E42A00FD6300FC4697 /* ContentView.swift in Sources */,
				6893E9E22A00FD6300FC4697 /* giphyAppApp.swift in Sources */,
			);
			runOnlyForDeploymentPostprocessing = 0;
		};
		6893E9EA2A00FD6400FC4697 /* Sources */ = {
			isa = PBXSourcesBuildPhase;
			buildActionMask = 2147483647;
			files = (
				6893E9F32A00FD6400FC4697 /* giphyAppTests.swift in Sources */,
			);
			runOnlyForDeploymentPostprocessing = 0;
		};
		6893E9F42A00FD6400FC4697 /* Sources */ = {
			isa = PBXSourcesBuildPhase;
			buildActionMask = 2147483647;
			files = (
				6893E9FF2A00FD6400FC4697 /* giphyAppUITestsLaunchTests.swift in Sources */,
				6893E9FD2A00FD6400FC4697 /* giphyAppUITests.swift in Sources */,
			);
			runOnlyForDeploymentPostprocessing = 0;
		};
/* End PBXSourcesBuildPhase section */

/* Begin PBXTargetDependency section */
		6893E9F02A00FD6400FC4697 /* PBXTargetDependency */ = {
			isa = PBXTargetDependency;
			target = 6893E9DD2A00FD6300FC4697 /* giphyApp */;
			targetProxy = 6893E9EF2A00FD6400FC4697 /* PBXContainerItemProxy */;
		};
		6893E9FA2A00FD6400FC4697 /* PBXTargetDependency */ = {
			isa = PBXTargetDependency;
			target = 6893E9DD2A00FD6300FC4697 /* giphyApp */;
			targetProxy = 6893E9F92A00FD6400FC4697 /* PBXContainerItemProxy */;
		};
/* End PBXTargetDependency section */

/* Begin XCBuildConfiguration section */
		6893EA002A00FD6400FC4697 /* Debug */ = {
			isa = XCBuildConfiguration;
			buildSettings = {
				ALWAYS_SEARCH_USER_PATHS = NO;
				CLANG_ANALYZER_NONNULL = YES;
				CLANG_ANALYZER_NUMBER_OBJECT_CONVERSION = YES_AGGRESSIVE;
				CLANG_CXX_LANGUAGE_STANDARD = "gnu++20";
				CLANG_ENABLE_MODULES = YES;
				CLANG_ENABLE_OBJC_ARC = YES;
				CLANG_ENABLE_OBJC_WEAK = YES;
				CLANG_WARN_BLOCK_CAPTURE_AUTORELEASING = YES;
				CLANG_WARN_BOOL_CONVERSION = YES;
				CLANG_WARN_COMMA = YES;
				CLANG_WARN_CONSTANT_CONVERSION = YES;
				CLANG_WARN_DEPRECATED_OBJC_IMPLEMENTATIONS = YES;
				CLANG_WARN_DIRECT_OBJC_ISA_USAGE = YES_ERROR;
				CLANG_WARN_DOCUMENTATION_COMMENTS = YES;
				CLANG_WARN_EMPTY_BODY = YES;
				CLANG_WARN_ENUM_CONVERSION = YES;
				CLANG_WARN_INFINITE_RECURSION = YES;
				CLANG_WARN_INT_CONVERSION = YES;
				CLANG_WARN_NON_LITERAL_NULL_CONVERSION = YES;
				CLANG_WARN_OBJC_IMPLICIT_RETAIN_SELF = YES;
				CLANG_WARN_OBJC_LITERAL_CONVERSION = YES;
				CLANG_WARN_OBJC_ROOT_CLASS = YES_ERROR;
				CLANG_WARN_QUOTED_INCLUDE_IN_FRAMEWORK_HEADER = YES;
				CLANG_WARN_RANGE_LOOP_ANALYSIS = YES;
				CLANG_WARN_STRICT_PROTOTYPES = YES;
				CLANG_WARN_SUSPICIOUS_MOVE = YES;
				CLANG_WARN_UNGUARDED_AVAILABILITY = YES_AGGRESSIVE;
				CLANG_WARN_UNREACHABLE_CODE = YES;
				CLANG_WARN__DUPLICATE_METHOD_MATCH = YES;
				COPY_PHASE_STRIP = NO;
				DEBUG_INFORMATION_FORMAT = dwarf;
				ENABLE_STRICT_OBJC_MSGSEND = YES;
				ENABLE_TESTABILITY = YES;
				GCC_C_LANGUAGE_STANDARD = gnu11;
				GCC_DYNAMIC_NO_PIC = NO;
				GCC_NO_COMMON_BLOCKS = YES;
				GCC_OPTIMIZATION_LEVEL = 0;
				GCC_PREPROCESSOR_DEFINITIONS = (
					"DEBUG=1",
					"$(inherited)",
				);
				GCC_WARN_64_TO_32_BIT_CONVERSION = YES;
				GCC_WARN_ABOUT_RETURN_TYPE = YES_ERROR;
				GCC_WARN_UNDECLARED_SELECTOR = YES;
				GCC_WARN_UNINITIALIZED_AUTOS = YES_AGGRESSIVE;
				GCC_WARN_UNUSED_FUNCTION = YES;
				GCC_WARN_UNUSED_VARIABLE = YES;
				IPHONEOS_DEPLOYMENT_TARGET = 16.1;
				MTL_ENABLE_DEBUG_INFO = INCLUDE_SOURCE;
				MTL_FAST_MATH = YES;
				ONLY_ACTIVE_ARCH = YES;
				SDKROOT = iphoneos;
				SWIFT_ACTIVE_COMPILATION_CONDITIONS = DEBUG;
				SWIFT_OPTIMIZATION_LEVEL = "-Onone";
			};
			name = Debug;
		};
		6893EA012A00FD6400FC4697 /* Release */ = {
			isa = XCBuildConfiguration;
			buildSettings = {
				ALWAYS_SEARCH_USER_PATHS = NO;
				CLANG_ANALYZER_NONNULL = YES;
				CLANG_ANALYZER_NUMBER_OBJECT_CONVERSION = YES_AGGRESSIVE;
				CLANG_CXX_LANGUAGE_STANDARD = "gnu++20";
				CLANG_ENABLE_MODULES = YES;
				CLANG_ENABLE_OBJC_ARC = YES;
				CLANG_ENABLE_OBJC_WEAK = YES;
				CLANG_WARN_BLOCK_CAPTURE_AUTORELEASING = YES;
				CLANG_WARN_BOOL_CONVERSION = YES;
				CLANG_WARN_COMMA = YES;
				CLANG_WARN_CONSTANT_CONVERSION = YES;
				CLANG_WARN_DEPRECATED_OBJC_IMPLEMENTATIONS = YES;
				CLANG_WARN_DIRECT_OBJC_ISA_USAGE = YES_ERROR;
				CLANG_WARN_DOCUMENTATION_COMMENTS = YES;
				CLANG_WARN_EMPTY_BODY = YES;
				CLANG_WARN_ENUM_CONVERSION = YES;
				CLANG_WARN_INFINITE_RECURSION = YES;
				CLANG_WARN_INT_CONVERSION = YES;
				CLANG_WARN_NON_LITERAL_NULL_CONVERSION = YES;
				CLANG_WARN_OBJC_IMPLICIT_RETAIN_SELF = YES;
				CLANG_WARN_OBJC_LITERAL_CONVERSION = YES;
				CLANG_WARN_OBJC_ROOT_CLASS = YES_ERROR;
				CLANG_WARN_QUOTED_INCLUDE_IN_FRAMEWORK_HEADER = YES;
				CLANG_WARN_RANGE_LOOP_ANALYSIS = YES;
				CLANG_WARN_STRICT_PROTOTYPES = YES;
				CLANG_WARN_SUSPICIOUS_MOVE = YES;
				CLANG_WARN_UNGUARDED_AVAILABILITY = YES_AGGRESSIVE;
				CLANG_WARN_UNREACHABLE_CODE = YES;
				CLANG_WARN__DUPLICATE_METHOD_MATCH = YES;
				COPY_PHASE_STRIP = NO;
				DEBUG_INFORMATION_FORMAT = "dwarf-with-dsym";
				ENABLE_NS_ASSERTIONS = NO;
				ENABLE_STRICT_OBJC_MSGSEND = YES;
				GCC_C_LANGUAGE_STANDARD = gnu11;
				GCC_NO_COMMON_BLOCKS = YES;
				GCC_WARN_64_TO_32_BIT_CONVERSION = YES;
				GCC_WARN_ABOUT_RETURN_TYPE = YES_ERROR;
				GCC_WARN_UNDECLARED_SELECTOR = YES;
				GCC_WARN_UNINITIALIZED_AUTOS = YES_AGGRESSIVE;
				GCC_WARN_UNUSED_FUNCTION = YES;
				GCC_WARN_UNUSED_VARIABLE = YES;
				IPHONEOS_DEPLOYMENT_TARGET = 16.1;
				MTL_ENABLE_DEBUG_INFO = NO;
				MTL_FAST_MATH = YES;
				SDKROOT = iphoneos;
				SWIFT_COMPILATION_MODE = wholemodule;
				SWIFT_OPTIMIZATION_LEVEL = "-O";
				VALIDATE_PRODUCT = YES;
			};
			name = Release;
		};
		6893EA032A00FD6400FC4697 /* Debug */ = {
			isa = XCBuildConfiguration;
			buildSettings = {
				ASSETCATALOG_COMPILER_APPICON_NAME = AppIcon;
				ASSETCATALOG_COMPILER_GLOBAL_ACCENT_COLOR_NAME = AccentColor;
				CODE_SIGN_STYLE = Automatic;
				CURRENT_PROJECT_VERSION = 1;
				DEVELOPMENT_ASSET_PATHS = "\"giphyApp/Preview Content\"";
				ENABLE_PREVIEWS = YES;
				GENERATE_INFOPLIST_FILE = YES;
				INFOPLIST_KEY_UIApplicationSceneManifest_Generation = YES;
				INFOPLIST_KEY_UIApplicationSupportsIndirectInputEvents = YES;
				INFOPLIST_KEY_UILaunchScreen_Generation = YES;
				INFOPLIST_KEY_UISupportedInterfaceOrientations_iPad = "UIInterfaceOrientationPortrait UIInterfaceOrientationPortraitUpsideDown UIInterfaceOrientationLandscapeLeft UIInterfaceOrientationLandscapeRight";
				INFOPLIST_KEY_UISupportedInterfaceOrientations_iPhone = "UIInterfaceOrientationPortrait UIInterfaceOrientationLandscapeLeft UIInterfaceOrientationLandscapeRight";
				LD_RUNPATH_SEARCH_PATHS = (
					"$(inherited)",
					"@executable_path/Frameworks",
				);
				MARKETING_VERSION = 1.0;
				PRODUCT_BUNDLE_IDENTIFIER = tuni.tamk.fi.giphyApp;
				PRODUCT_NAME = "$(TARGET_NAME)";
				SWIFT_EMIT_LOC_STRINGS = YES;
				SWIFT_VERSION = 5.0;
				TARGETED_DEVICE_FAMILY = "1,2";
			};
			name = Debug;
		};
		6893EA042A00FD6400FC4697 /* Release */ = {
			isa = XCBuildConfiguration;
			buildSettings = {
				ASSETCATALOG_COMPILER_APPICON_NAME = AppIcon;
				ASSETCATALOG_COMPILER_GLOBAL_ACCENT_COLOR_NAME = AccentColor;
				CODE_SIGN_STYLE = Automatic;
				CURRENT_PROJECT_VERSION = 1;
				DEVELOPMENT_ASSET_PATHS = "\"giphyApp/Preview Content\"";
				ENABLE_PREVIEWS = YES;
				GENERATE_INFOPLIST_FILE = YES;
				INFOPLIST_KEY_UIApplicationSceneManifest_Generation = YES;
				INFOPLIST_KEY_UIApplicationSupportsIndirectInputEvents = YES;
				INFOPLIST_KEY_UILaunchScreen_Generation = YES;
				INFOPLIST_KEY_UISupportedInterfaceOrientations_iPad = "UIInterfaceOrientationPortrait UIInterfaceOrientationPortraitUpsideDown UIInterfaceOrientationLandscapeLeft UIInterfaceOrientationLandscapeRight";
				INFOPLIST_KEY_UISupportedInterfaceOrientations_iPhone = "UIInterfaceOrientationPortrait UIInterfaceOrientationLandscapeLeft UIInterfaceOrientationLandscapeRight";
				LD_RUNPATH_SEARCH_PATHS = (
					"$(inherited)",
					"@executable_path/Frameworks",
				);
				MARKETING_VERSION = 1.0;
				PRODUCT_BUNDLE_IDENTIFIER = tuni.tamk.fi.giphyApp;
				PRODUCT_NAME = "$(TARGET_NAME)";
				SWIFT_EMIT_LOC_STRINGS = YES;
				SWIFT_VERSION = 5.0;
				TARGETED_DEVICE_FAMILY = "1,2";
			};
			name = Release;
		};
		6893EA062A00FD6400FC4697 /* Debug */ = {
			isa = XCBuildConfiguration;
			buildSettings = {
				ALWAYS_EMBED_SWIFT_STANDARD_LIBRARIES = YES;
				BUNDLE_LOADER = "$(TEST_HOST)";
				CODE_SIGN_STYLE = Automatic;
				CURRENT_PROJECT_VERSION = 1;
				GENERATE_INFOPLIST_FILE = YES;
				IPHONEOS_DEPLOYMENT_TARGET = 16.1;
				MARKETING_VERSION = 1.0;
				PRODUCT_BUNDLE_IDENTIFIER = tuni.tamk.fi.giphyAppTests;
				PRODUCT_NAME = "$(TARGET_NAME)";
				SWIFT_EMIT_LOC_STRINGS = NO;
				SWIFT_VERSION = 5.0;
				TARGETED_DEVICE_FAMILY = "1,2";
				TEST_HOST = "$(BUILT_PRODUCTS_DIR)/giphyApp.app/$(BUNDLE_EXECUTABLE_FOLDER_PATH)/giphyApp";
			};
			name = Debug;
		};
		6893EA072A00FD6400FC4697 /* Release */ = {
			isa = XCBuildConfiguration;
			buildSettings = {
				ALWAYS_EMBED_SWIFT_STANDARD_LIBRARIES = YES;
				BUNDLE_LOADER = "$(TEST_HOST)";
				CODE_SIGN_STYLE = Automatic;
				CURRENT_PROJECT_VERSION = 1;
				GENERATE_INFOPLIST_FILE = YES;
				IPHONEOS_DEPLOYMENT_TARGET = 16.1;
				MARKETING_VERSION = 1.0;
				PRODUCT_BUNDLE_IDENTIFIER = tuni.tamk.fi.giphyAppTests;
				PRODUCT_NAME = "$(TARGET_NAME)";
				SWIFT_EMIT_LOC_STRINGS = NO;
				SWIFT_VERSION = 5.0;
				TARGETED_DEVICE_FAMILY = "1,2";
				TEST_HOST = "$(BUILT_PRODUCTS_DIR)/giphyApp.app/$(BUNDLE_EXECUTABLE_FOLDER_PATH)/giphyApp";
			};
			name = Release;
		};
		6893EA092A00FD6400FC4697 /* Debug */ = {
			isa = XCBuildConfiguration;
			buildSettings = {
				ALWAYS_EMBED_SWIFT_STANDARD_LIBRARIES = YES;
				CODE_SIGN_STYLE = Automatic;
				CURRENT_PROJECT_VERSION = 1;
				GENERATE_INFOPLIST_FILE = YES;
				MARKETING_VERSION = 1.0;
				PRODUCT_BUNDLE_IDENTIFIER = tuni.tamk.fi.giphyAppUITests;
				PRODUCT_NAME = "$(TARGET_NAME)";
				SWIFT_EMIT_LOC_STRINGS = NO;
				SWIFT_VERSION = 5.0;
				TARGETED_DEVICE_FAMILY = "1,2";
				TEST_TARGET_NAME = giphyApp;
			};
			name = Debug;
		};
		6893EA0A2A00FD6400FC4697 /* Release */ = {
			isa = XCBuildConfiguration;
			buildSettings = {
				ALWAYS_EMBED_SWIFT_STANDARD_LIBRARIES = YES;
				CODE_SIGN_STYLE = Automatic;
				CURRENT_PROJECT_VERSION = 1;
				GENERATE_INFOPLIST_FILE = YES;
				MARKETING_VERSION = 1.0;
				PRODUCT_BUNDLE_IDENTIFIER = tuni.tamk.fi.giphyAppUITests;
				PRODUCT_NAME = "$(TARGET_NAME)";
				SWIFT_EMIT_LOC_STRINGS = NO;
				SWIFT_VERSION = 5.0;
				TARGETED_DEVICE_FAMILY = "1,2";
				TEST_TARGET_NAME = giphyApp;
			};
			name = Release;
		};
/* End XCBuildConfiguration section */

/* Begin XCConfigurationList section */
		6893E9D92A00FD6300FC4697 /* Build configuration list for PBXProject "giphyApp" */ = {
			isa = XCConfigurationList;
			buildConfigurations = (
				6893EA002A00FD6400FC4697 /* Debug */,
				6893EA012A00FD6400FC4697 /* Release */,
			);
			defaultConfigurationIsVisible = 0;
			defaultConfigurationName = Release;
		};
		6893EA022A00FD6400FC4697 /* Build configuration list for PBXNativeTarget "giphyApp" */ = {
			isa = XCConfigurationList;
			buildConfigurations = (
				6893EA032A00FD6400FC4697 /* Debug */,
				6893EA042A00FD6400FC4697 /* Release */,
			);
			defaultConfigurationIsVisible = 0;
			defaultConfigurationName = Release;
		};
		6893EA052A00FD6400FC4697 /* Build configuration list for PBXNativeTarget "giphyAppTests" */ = {
			isa = XCConfigurationList;
			buildConfigurations = (
				6893EA062A00FD6400FC4697 /* Debug */,
				6893EA072A00FD6400FC4697 /* Release */,
			);
			defaultConfigurationIsVisible = 0;
			defaultConfigurationName = Release;
		};
		6893EA082A00FD6400FC4697 /* Build configuration list for PBXNativeTarget "giphyAppUITests" */ = {
			isa = XCConfigurationList;
			buildConfigurations = (
				6893EA092A00FD6400FC4697 /* Debug */,
				6893EA0A2A00FD6400FC4697 /* Release */,
			);
			defaultConfigurationIsVisible = 0;
			defaultConfigurationName = Release;
		};
/* End XCConfigurationList section */

/* Begin XCRemoteSwiftPackageReference section */
		68BB96BD2A0113990065D00D /* XCRemoteSwiftPackageReference "Alamofire" */ = {
			isa = XCRemoteSwiftPackageReference;
			repositoryURL = "https://github.com/Alamofire/Alamofire";
			requirement = {
				kind = upToNextMajorVersion;
				minimumVersion = 5.0.0;
			};
		};
/* End XCRemoteSwiftPackageReference section */

/* Begin XCSwiftPackageProductDependency section */
		68BB96BE2A0113990065D00D /* Alamofire */ = {
			isa = XCSwiftPackageProductDependency;
			package = 68BB96BD2A0113990065D00D /* XCRemoteSwiftPackageReference "Alamofire" */;
			productName = Alamofire;
		};
/* End XCSwiftPackageProductDependency section */
	};
	rootObject = 6893E9D62A00FD6300FC4697 /* Project object */;
}
